
Microsoft Visual Studio Solution File, Format Version 12.00
# Visual Studio Version 17
VisualStudioVersion = 17.0.32126.317
MinimumVisualStudioVersion = 10.0.40219.1
Project("{FAE04EC0-301F-11D3-BF4B-00C04F79EFBC}") = "LogicalPrograms", "LogicalPrograms\LogicalPrograms.csproj", "{E57EB1F8-8C45-4E15-A440-A470EE1CD8EF}"
EndProject
Global
	GlobalSection(SolutionConfigurationPlatforms) = preSolution
		Debug|Any CPU = Debug|Any CPU
		Release|Any CPU = Release|Any CPU
	EndGlobalSection
	GlobalSection(ProjectConfigurationPlatforms) = postSolution
		{E57EB1F8-8C45-4E15-A440-A470EE1CD8EF}.Debug|Any CPU.ActiveCfg = Debug|Any CPU
		{E57EB1F8-8C45-4E15-A440-A470EE1CD8EF}.Debug|Any CPU.Build.0 = Debug|Any CPU
		{E57EB1F8-8C45-4E15-A440-A470EE1CD8EF}.Release|Any CPU.ActiveCfg = Release|Any CPU
		{E57EB1F8-8C45-4E15-A440-A470EE1CD8EF}.Release|Any CPU.Build.0 = Release|Any CPU
	EndGlobalSection
	GlobalSection(SolutionProperties) = preSolution
		HideSolutionNode = FALSE
	EndGlobalSection
	GlobalSection(ExtensibilityGlobals) = postSolution
		SolutionGuid = {40DEF916-6A7B-455C-BE89-27A4D3ADC863}
	EndGlobalSection
EndGlobal
